
Microsoft Visual Studio Solution File, Format Version 12.00
# Visual Studio 2013
VisualStudioVersion = 12.0.40629.0
MinimumVisualStudioVersion = 10.0.40219.1
Project("{FAE04EC0-301F-11D3-BF4B-00C04F79EFBC}") = "Sugar", "Sugar\Sugar.csproj", "{EDB78F77-9123-4821-817B-F3F91E973A7D}"
EndProject
Project("{FAE04EC0-301F-11D3-BF4B-00C04F79EFBC}") = "Sugar.Test", "Sugar.Test\Sugar.Test.csproj", "{10B86AFC-AD6C-477C-B53A-BC08E28C966F}"
EndProject
Project("{FAE04EC0-301F-11D3-BF4B-00C04F79EFBC}") = "Sugar.Html", "Sugar.Html\Sugar.Html.csproj", "{DB536D0A-ACCD-49D0-815F-3F8A848DA981}"
EndProject
Project("{FAE04EC0-301F-11D3-BF4B-00C04F79EFBC}") = "Sugar.Test.Integration", "Sugar.Test.Integration\Sugar.Test.Integration.csproj", "{14063FE3-6497-485F-8330-EA7CF5CDF997}"
EndProject
Project("{FAE04EC0-301F-11D3-BF4B-00C04F79EFBC}") = "Sugar.Http", "Sugar.Http\Sugar.Http.csproj", "{E525B562-C080-41C1-A92A-9E82C5FFC42E}"
EndProject
Global
	GlobalSection(SolutionConfigurationPlatforms) = preSolution
		ClientProfile|Any CPU = ClientProfile|Any CPU
		Debug|Any CPU = Debug|Any CPU
		Release|Any CPU = Release|Any CPU
	EndGlobalSection
	GlobalSection(ProjectConfigurationPlatforms) = postSolution
		{EDB78F77-9123-4821-817B-F3F91E973A7D}.ClientProfile|Any CPU.ActiveCfg = ClientProfile|Any CPU
		{EDB78F77-9123-4821-817B-F3F91E973A7D}.ClientProfile|Any CPU.Build.0 = ClientProfile|Any CPU
		{EDB78F77-9123-4821-817B-F3F91E973A7D}.Debug|Any CPU.ActiveCfg = Debug|Any CPU
		{EDB78F77-9123-4821-817B-F3F91E973A7D}.Debug|Any CPU.Build.0 = Debug|Any CPU
		{EDB78F77-9123-4821-817B-F3F91E973A7D}.Release|Any CPU.ActiveCfg = Release|Any CPU
		{EDB78F77-9123-4821-817B-F3F91E973A7D}.Release|Any CPU.Build.0 = Release|Any CPU
		{10B86AFC-AD6C-477C-B53A-BC08E28C966F}.ClientProfile|Any CPU.ActiveCfg = ClientProfile|Any CPU
		{10B86AFC-AD6C-477C-B53A-BC08E28C966F}.ClientProfile|Any CPU.Build.0 = ClientProfile|Any CPU
		{10B86AFC-AD6C-477C-B53A-BC08E28C966F}.Debug|Any CPU.ActiveCfg = Debug|Any CPU
		{10B86AFC-AD6C-477C-B53A-BC08E28C966F}.Debug|Any CPU.Build.0 = Debug|Any CPU
		{10B86AFC-AD6C-477C-B53A-BC08E28C966F}.Release|Any CPU.ActiveCfg = Release|Any CPU
		{10B86AFC-AD6C-477C-B53A-BC08E28C966F}.Release|Any CPU.Build.0 = Release|Any CPU
		{DB536D0A-ACCD-49D0-815F-3F8A848DA981}.ClientProfile|Any CPU.ActiveCfg = Release|Any CPU
		{DB536D0A-ACCD-49D0-815F-3F8A848DA981}.ClientProfile|Any CPU.Build.0 = Release|Any CPU
		{DB536D0A-ACCD-49D0-815F-3F8A848DA981}.Debug|Any CPU.ActiveCfg = Debug|Any CPU
		{DB536D0A-ACCD-49D0-815F-3F8A848DA981}.Debug|Any CPU.Build.0 = Debug|Any CPU
		{DB536D0A-ACCD-49D0-815F-3F8A848DA981}.Release|Any CPU.ActiveCfg = Release|Any CPU
		{DB536D0A-ACCD-49D0-815F-3F8A848DA981}.Release|Any CPU.Build.0 = Release|Any CPU
		{14063FE3-6497-485F-8330-EA7CF5CDF997}.ClientProfile|Any CPU.ActiveCfg = Release|Any CPU
		{14063FE3-6497-485F-8330-EA7CF5CDF997}.ClientProfile|Any CPU.Build.0 = Release|Any CPU
		{14063FE3-6497-485F-8330-EA7CF5CDF997}.Debug|Any CPU.ActiveCfg = Debug|Any CPU
		{14063FE3-6497-485F-8330-EA7CF5CDF997}.Debug|Any CPU.Build.0 = Debug|Any CPU
		{14063FE3-6497-485F-8330-EA7CF5CDF997}.Release|Any CPU.ActiveCfg = Release|Any CPU
		{14063FE3-6497-485F-8330-EA7CF5CDF997}.Release|Any CPU.Build.0 = Release|Any CPU
		{E525B562-C080-41C1-A92A-9E82C5FFC42E}.ClientProfile|Any CPU.ActiveCfg = Release|Any CPU
		{E525B562-C080-41C1-A92A-9E82C5FFC42E}.ClientProfile|Any CPU.Build.0 = Release|Any CPU
		{E525B562-C080-41C1-A92A-9E82C5FFC42E}.Debug|Any CPU.ActiveCfg = Debug|Any CPU
		{E525B562-C080-41C1-A92A-9E82C5FFC42E}.Debug|Any CPU.Build.0 = Debug|Any CPU
		{E525B562-C080-41C1-A92A-9E82C5FFC42E}.Release|Any CPU.ActiveCfg = Release|Any CPU
		{E525B562-C080-41C1-A92A-9E82C5FFC42E}.Release|Any CPU.Build.0 = Release|Any CPU
	EndGlobalSection
	GlobalSection(SolutionProperties) = preSolution
		HideSolutionNode = FALSE
	EndGlobalSection
EndGlobal
